
Microsoft Visual Studio Solution File, Format Version 12.00
# Visual Studio Version 17
VisualStudioVersion = 17.2.32526.322
MinimumVisualStudioVersion = 10.0.40219.1
Project("{FAE04EC0-301F-11D3-BF4B-00C04F79EFBC}") = "WebApplication5", "WebApplication5\WebApplication5.csproj", "{435F6018-65A0-468E-9B82-16BF620FAB3A}"
EndProject
Global
	GlobalSection(SolutionConfigurationPlatforms) = preSolution
		Debug|Any CPU = Debug|Any CPU
		Release|Any CPU = Release|Any CPU
	EndGlobalSection
	GlobalSection(ProjectConfigurationPlatforms) = postSolution
		{435F6018-65A0-468E-9B82-16BF620FAB3A}.Debug|Any CPU.ActiveCfg = Debug|Any CPU
		{435F6018-65A0-468E-9B82-16BF620FAB3A}.Debug|Any CPU.Build.0 = Debug|Any CPU
		{435F6018-65A0-468E-9B82-16BF620FAB3A}.Release|Any CPU.ActiveCfg = Release|Any CPU
		{435F6018-65A0-468E-9B82-16BF620FAB3A}.Release|Any CPU.Build.0 = Release|Any CPU
	EndGlobalSection
	GlobalSection(SolutionProperties) = preSolution
		HideSolutionNode = FALSE
	EndGlobalSection
	GlobalSection(ExtensibilityGlobals) = postSolution
		SolutionGuid = {0D40DAAB-1555-4828-999C-D86C8EB099E3}
	EndGlobalSection
EndGlobal
